
Microsoft Visual Studio Solution File, Format Version 12.00
# Visual Studio Version 16
VisualStudioVersion = 16.0.32901.82
MinimumVisualStudioVersion = 10.0.40219.1
Project("{FAE04EC0-301F-11D3-BF4B-00C04F79EFBC}") = "TelephoneDir", "TelephoneDir\TelephoneDir.csproj", "{92F9BD12-ECDA-4A1D-AFFF-F633C1670FB2}"
EndProject
Global
	GlobalSection(SolutionConfigurationPlatforms) = preSolution
		Debug|Any CPU = Debug|Any CPU
		Release|Any CPU = Release|Any CPU
	EndGlobalSection
	GlobalSection(ProjectConfigurationPlatforms) = postSolution
		{92F9BD12-ECDA-4A1D-AFFF-F633C1670FB2}.Debug|Any CPU.ActiveCfg = Debug|Any CPU
		{92F9BD12-ECDA-4A1D-AFFF-F633C1670FB2}.Debug|Any CPU.Build.0 = Debug|Any CPU
		{92F9BD12-ECDA-4A1D-AFFF-F633C1670FB2}.Release|Any CPU.ActiveCfg = Release|Any CPU
		{92F9BD12-ECDA-4A1D-AFFF-F633C1670FB2}.Release|Any CPU.Build.0 = Release|Any CPU
	EndGlobalSection
	GlobalSection(SolutionProperties) = preSolution
		HideSolutionNode = FALSE
	EndGlobalSection
	GlobalSection(ExtensibilityGlobals) = postSolution
		SolutionGuid = {46386301-C350-4B29-A85F-CF37F078EA93}
	EndGlobalSection
EndGlobal
